// !$*UTF8*$!
{
	archiveVersion = 1;
	classes = {
	};
	objectVersion = 56;
	objects = {

/* Begin PBXBuildFile section */
		27153F392AE185D0009B972C /* WeeklyView.swift in Sources */ = {isa = PBXBuildFile; fileRef = 27153F382AE185D0009B972C /* WeeklyView.swift */; };
		27153F3B2AE185D9009B972C /* PuzzleView.swift in Sources */ = {isa = PBXBuildFile; fileRef = 27153F3A2AE185D9009B972C /* PuzzleView.swift */; };
		276CA2072AE2C1BE00E183AF /* SectorView.swift in Sources */ = {isa = PBXBuildFile; fileRef = 276CA2062AE2C1BE00E183AF /* SectorView.swift */; };
		27E4B67A2AE80C0300414E14 /* Day.swift in Sources */ = {isa = PBXBuildFile; fileRef = 27E4B6792AE80C0300414E14 /* Day.swift */; };
		4D7C89D62AEBF7EF007C8FC6 /* TaskView.swift in Sources */ = {isa = PBXBuildFile; fileRef = 4D7C89D52AEBF7EF007C8FC6 /* TaskView.swift */; };
		4D84D61B2AE1636C0009A061 /* Assets.xcassets in Resources */ = {isa = PBXBuildFile; fileRef = 4D84D61A2AE1636C0009A061 /* Assets.xcassets */; };
		4D84D61E2AE1636C0009A061 /* Preview Assets.xcassets in Resources */ = {isa = PBXBuildFile; fileRef = 4D84D61D2AE1636C0009A061 /* Preview Assets.xcassets */; };
		4D84D62F2AE163CF0009A061 /* OldSummaryView.swift in Sources */ = {isa = PBXBuildFile; fileRef = 4D84D6252AE163CF0009A061 /* OldSummaryView.swift */; };
		4D84D6312AE163CF0009A061 /* TaskHubView.swift in Sources */ = {isa = PBXBuildFile; fileRef = 4D84D6272AE163CF0009A061 /* TaskHubView.swift */; };
		4D84D6322AE163CF0009A061 /* AnimalFarmView.swift in Sources */ = {isa = PBXBuildFile; fileRef = 4D84D6282AE163CF0009A061 /* AnimalFarmView.swift */; };
		4D84D6332AE163CF0009A061 /* MoodAppDemoApp.swift in Sources */ = {isa = PBXBuildFile; fileRef = 4D84D6292AE163CF0009A061 /* MoodAppDemoApp.swift */; };
		4D84D6342AE163CF0009A061 /* SectorViewModel.swift in Sources */ = {isa = PBXBuildFile; fileRef = 4D84D62A2AE163CF0009A061 /* SectorViewModel.swift */; };
		4D84D6352AE163CF0009A061 /* Sector.swift in Sources */ = {isa = PBXBuildFile; fileRef = 4D84D62C2AE163CF0009A061 /* Sector.swift */; };
		4D84D6382AE174130009A061 /* CircularProgressView.swift in Sources */ = {isa = PBXBuildFile; fileRef = 4D84D6372AE174130009A061 /* CircularProgressView.swift */; };
		4D84D63C2AE174480009A061 /* SummaryView.swift in Sources */ = {isa = PBXBuildFile; fileRef = 4D84D63B2AE174480009A061 /* SummaryView.swift */; };
		4D84D63E2AE17D3A0009A061 /* Task.swift in Sources */ = {isa = PBXBuildFile; fileRef = 4D84D63D2AE17D3A0009A061 /* Task.swift */; };
		4DA748C12AEA921B0028B53C /* TaskViewModel.swift in Sources */ = {isa = PBXBuildFile; fileRef = 4DA748C02AEA921B0028B53C /* TaskViewModel.swift */; };
		4DA748C32AEAA1660028B53C /* iOSCheckboxToggleStyle.swift in Sources */ = {isa = PBXBuildFile; fileRef = 4DA748C22AEAA1660028B53C /* iOSCheckboxToggleStyle.swift */; };
		4DCD620C2AE8007C00A57036 /* SplashScreenView.swift in Sources */ = {isa = PBXBuildFile; fileRef = 4DCD620B2AE8007C00A57036 /* SplashScreenView.swift */; };
		57055A2A2AED6ADC00608C42 /* Squares.swift in Sources */ = {isa = PBXBuildFile; fileRef = 57055A292AED6ADC00608C42 /* Squares.swift */; };
/* End PBXBuildFile section */

/* Begin PBXFileReference section */
		27153F382AE185D0009B972C /* WeeklyView.swift */ = {isa = PBXFileReference; fileEncoding = 4; lastKnownFileType = sourcecode.swift; path = WeeklyView.swift; sourceTree = "<group>"; };
		27153F3A2AE185D9009B972C /* PuzzleView.swift */ = {isa = PBXFileReference; fileEncoding = 4; lastKnownFileType = sourcecode.swift; path = PuzzleView.swift; sourceTree = "<group>"; };
		276CA2062AE2C1BE00E183AF /* SectorView.swift */ = {isa = PBXFileReference; lastKnownFileType = sourcecode.swift; path = SectorView.swift; sourceTree = "<group>"; };
		27E4B6792AE80C0300414E14 /* Day.swift */ = {isa = PBXFileReference; lastKnownFileType = sourcecode.swift; path = Day.swift; sourceTree = "<group>"; };
		4D7C89D52AEBF7EF007C8FC6 /* TaskView.swift */ = {isa = PBXFileReference; lastKnownFileType = sourcecode.swift; path = TaskView.swift; sourceTree = "<group>"; };
		4D84D6132AE1636B0009A061 /* MoodAppDemo.app */ = {isa = PBXFileReference; explicitFileType = wrapper.application; includeInIndex = 0; path = MoodAppDemo.app; sourceTree = BUILT_PRODUCTS_DIR; };
		4D84D61A2AE1636C0009A061 /* Assets.xcassets */ = {isa = PBXFileReference; lastKnownFileType = folder.assetcatalog; path = Assets.xcassets; sourceTree = "<group>"; };
		4D84D61D2AE1636C0009A061 /* Preview Assets.xcassets */ = {isa = PBXFileReference; lastKnownFileType = folder.assetcatalog; path = "Preview Assets.xcassets"; sourceTree = "<group>"; };
		4D84D6252AE163CF0009A061 /* OldSummaryView.swift */ = {isa = PBXFileReference; fileEncoding = 4; lastKnownFileType = sourcecode.swift; path = OldSummaryView.swift; sourceTree = "<group>"; };
		4D84D6272AE163CF0009A061 /* TaskHubView.swift */ = {isa = PBXFileReference; fileEncoding = 4; lastKnownFileType = sourcecode.swift; path = TaskHubView.swift; sourceTree = "<group>"; };
		4D84D6282AE163CF0009A061 /* AnimalFarmView.swift */ = {isa = PBXFileReference; fileEncoding = 4; lastKnownFileType = sourcecode.swift; path = AnimalFarmView.swift; sourceTree = "<group>"; };
		4D84D6292AE163CF0009A061 /* MoodAppDemoApp.swift */ = {isa = PBXFileReference; fileEncoding = 4; lastKnownFileType = sourcecode.swift; path = MoodAppDemoApp.swift; sourceTree = "<group>"; };
		4D84D62A2AE163CF0009A061 /* SectorViewModel.swift */ = {isa = PBXFileReference; fileEncoding = 4; lastKnownFileType = sourcecode.swift; path = SectorViewModel.swift; sourceTree = "<group>"; };
		4D84D62C2AE163CF0009A061 /* Sector.swift */ = {isa = PBXFileReference; fileEncoding = 4; lastKnownFileType = sourcecode.swift; path = Sector.swift; sourceTree = "<group>"; };
		4D84D6372AE174130009A061 /* CircularProgressView.swift */ = {isa = PBXFileReference; lastKnownFileType = sourcecode.swift; path = CircularProgressView.swift; sourceTree = "<group>"; };
		4D84D63B2AE174480009A061 /* SummaryView.swift */ = {isa = PBXFileReference; lastKnownFileType = sourcecode.swift; path = SummaryView.swift; sourceTree = "<group>"; };
		4D84D63D2AE17D3A0009A061 /* Task.swift */ = {isa = PBXFileReference; lastKnownFileType = sourcecode.swift; path = Task.swift; sourceTree = "<group>"; };
		4DA748C02AEA921B0028B53C /* TaskViewModel.swift */ = {isa = PBXFileReference; lastKnownFileType = sourcecode.swift; path = TaskViewModel.swift; sourceTree = "<group>"; };
		4DA748C22AEAA1660028B53C /* iOSCheckboxToggleStyle.swift */ = {isa = PBXFileReference; lastKnownFileType = sourcecode.swift; path = iOSCheckboxToggleStyle.swift; sourceTree = "<group>"; };
		4DCD620B2AE8007C00A57036 /* SplashScreenView.swift */ = {isa = PBXFileReference; lastKnownFileType = sourcecode.swift; path = SplashScreenView.swift; sourceTree = "<group>"; };
		57055A292AED6ADC00608C42 /* Squares.swift */ = {isa = PBXFileReference; lastKnownFileType = sourcecode.swift; path = Squares.swift; sourceTree = "<group>"; };
/* End PBXFileReference section */

/* Begin PBXFrameworksBuildPhase section */
		4D84D6102AE1636B0009A061 /* Frameworks */ = {
			isa = PBXFrameworksBuildPhase;
			buildActionMask = 2147483647;
			files = (
			);
			runOnlyForDeploymentPostprocessing = 0;
		};
/* End PBXFrameworksBuildPhase section */

/* Begin PBXGroup section */
		4D84D60A2AE1636B0009A061 = {
			isa = PBXGroup;
			children = (
				4D84D6152AE1636B0009A061 /* MoodAppDemo */,
				4D84D6142AE1636B0009A061 /* Products */,
			);
			sourceTree = "<group>";
		};
		4D84D6142AE1636B0009A061 /* Products */ = {
			isa = PBXGroup;
			children = (
				4D84D6132AE1636B0009A061 /* MoodAppDemo.app */,
			);
			name = Products;
			sourceTree = "<group>";
		};
		4D84D6152AE1636B0009A061 /* MoodAppDemo */ = {
			isa = PBXGroup;
			children = (
				4D84D6292AE163CF0009A061 /* MoodAppDemoApp.swift */,
				573CAFF62AE184E100B59DEA /* ViewModels */,
				4D84D62B2AE163CF0009A061 /* Structs */,
				4D84D6242AE163CF0009A061 /* Views */,
				4D84D61A2AE1636C0009A061 /* Assets.xcassets */,
				4D84D61C2AE1636C0009A061 /* Preview Content */,
			);
			path = MoodAppDemo;
			sourceTree = "<group>";
		};
		4D84D61C2AE1636C0009A061 /* Preview Content */ = {
			isa = PBXGroup;
			children = (
				4D84D61D2AE1636C0009A061 /* Preview Assets.xcassets */,
			);
			path = "Preview Content";
			sourceTree = "<group>";
		};
		4D84D6242AE163CF0009A061 /* Views */ = {
			isa = PBXGroup;
			children = (
				276CA2062AE2C1BE00E183AF /* SectorView.swift */,
				4D84D6252AE163CF0009A061 /* OldSummaryView.swift */,
				4D84D6272AE163CF0009A061 /* TaskHubView.swift */,
				4D84D6282AE163CF0009A061 /* AnimalFarmView.swift */,
				4D84D63B2AE174480009A061 /* SummaryView.swift */,
				27153F382AE185D0009B972C /* WeeklyView.swift */,
				27153F3A2AE185D9009B972C /* PuzzleView.swift */,
				4DCD620B2AE8007C00A57036 /* SplashScreenView.swift */,
				4D7C89D52AEBF7EF007C8FC6 /* TaskView.swift */,
			);
			path = Views;
			sourceTree = "<group>";
		};
		4D84D62B2AE163CF0009A061 /* Structs */ = {
			isa = PBXGroup;
			children = (
				27E4B6792AE80C0300414E14 /* Day.swift */,
				57055A292AED6ADC00608C42 /* Squares.swift */,
				4D84D62C2AE163CF0009A061 /* Sector.swift */,
				4D84D6372AE174130009A061 /* CircularProgressView.swift */,
				4D84D63D2AE17D3A0009A061 /* Task.swift */,
				4DA748C22AEAA1660028B53C /* iOSCheckboxToggleStyle.swift */,
			);
			path = Structs;
			sourceTree = "<group>";
		};
		573CAFF62AE184E100B59DEA /* ViewModels */ = {
			isa = PBXGroup;
			children = (
				4D84D62A2AE163CF0009A061 /* SectorViewModel.swift */,
				4DA748C02AEA921B0028B53C /* TaskViewModel.swift */,
			);
			path = ViewModels;
			sourceTree = "<group>";
		};
/* End PBXGroup section */

/* Begin PBXNativeTarget section */
		4D84D6122AE1636B0009A061 /* MoodAppDemo */ = {
			isa = PBXNativeTarget;
			buildConfigurationList = 4D84D6212AE1636C0009A061 /* Build configuration list for PBXNativeTarget "MoodAppDemo" */;
			buildPhases = (
				4D84D60F2AE1636B0009A061 /* Sources */,
				4D84D6102AE1636B0009A061 /* Frameworks */,
				4D84D6112AE1636B0009A061 /* Resources */,
			);
			buildRules = (
			);
			dependencies = (
			);
			name = MoodAppDemo;
			productName = MoodAppDemo;
			productReference = 4D84D6132AE1636B0009A061 /* MoodAppDemo.app */;
			productType = "com.apple.product-type.application";
		};
/* End PBXNativeTarget section */

/* Begin PBXProject section */
		4D84D60B2AE1636B0009A061 /* Project object */ = {
			isa = PBXProject;
			attributes = {
				BuildIndependentTargetsInParallel = 1;
				LastSwiftUpdateCheck = 1500;
				LastUpgradeCheck = 1500;
				TargetAttributes = {
					4D84D6122AE1636B0009A061 = {
						CreatedOnToolsVersion = 15.0;
					};
				};
			};
			buildConfigurationList = 4D84D60E2AE1636B0009A061 /* Build configuration list for PBXProject "MoodAppDemo" */;
			compatibilityVersion = "Xcode 14.0";
			developmentRegion = en;
			hasScannedForEncodings = 0;
			knownRegions = (
				en,
				Base,
			);
			mainGroup = 4D84D60A2AE1636B0009A061;
			productRefGroup = 4D84D6142AE1636B0009A061 /* Products */;
			projectDirPath = "";
			projectRoot = "";
			targets = (
				4D84D6122AE1636B0009A061 /* MoodAppDemo */,
			);
		};
/* End PBXProject section */

/* Begin PBXResourcesBuildPhase section */
		4D84D6112AE1636B0009A061 /* Resources */ = {
			isa = PBXResourcesBuildPhase;
			buildActionMask = 2147483647;
			files = (
				4D84D61E2AE1636C0009A061 /* Preview Assets.xcassets in Resources */,
				4D84D61B2AE1636C0009A061 /* Assets.xcassets in Resources */,
			);
			runOnlyForDeploymentPostprocessing = 0;
		};
/* End PBXResourcesBuildPhase section */

/* Begin PBXSourcesBuildPhase section */
		4D84D60F2AE1636B0009A061 /* Sources */ = {
			isa = PBXSourcesBuildPhase;
			buildActionMask = 2147483647;
			files = (
				57055A2A2AED6ADC00608C42 /* Squares.swift in Sources */,
				4DA748C32AEAA1660028B53C /* iOSCheckboxToggleStyle.swift in Sources */,
				27E4B67A2AE80C0300414E14 /* Day.swift in Sources */,
				4D84D63C2AE174480009A061 /* SummaryView.swift in Sources */,
				4DCD620C2AE8007C00A57036 /* SplashScreenView.swift in Sources */,
				4D84D6332AE163CF0009A061 /* MoodAppDemoApp.swift in Sources */,
				4D84D63E2AE17D3A0009A061 /* Task.swift in Sources */,
				4D84D6312AE163CF0009A061 /* TaskHubView.swift in Sources */,
				4D84D6382AE174130009A061 /* CircularProgressView.swift in Sources */,
				4D7C89D62AEBF7EF007C8FC6 /* TaskView.swift in Sources */,
				4D84D6342AE163CF0009A061 /* SectorViewModel.swift in Sources */,
				276CA2072AE2C1BE00E183AF /* SectorView.swift in Sources */,
				4D84D62F2AE163CF0009A061 /* OldSummaryView.swift in Sources */,
				27153F3B2AE185D9009B972C /* PuzzleView.swift in Sources */,
				27153F392AE185D0009B972C /* WeeklyView.swift in Sources */,
				4DA748C12AEA921B0028B53C /* TaskViewModel.swift in Sources */,
				4D84D6322AE163CF0009A061 /* AnimalFarmView.swift in Sources */,
				4D84D6352AE163CF0009A061 /* Sector.swift in Sources */,
			);
			runOnlyForDeploymentPostprocessing = 0;
		};
/* End PBXSourcesBuildPhase section */

/* Begin XCBuildConfiguration section */
		4D84D61F2AE1636C0009A061 /* Debug */ = {
			isa = XCBuildConfiguration;
			buildSettings = {
				ALWAYS_SEARCH_USER_PATHS = NO;
				ASSETCATALOG_COMPILER_GENERATE_SWIFT_ASSET_SYMBOL_EXTENSIONS = YES;
				CLANG_ANALYZER_NONNULL = YES;
				CLANG_ANALYZER_NUMBER_OBJECT_CONVERSION = YES_AGGRESSIVE;
				CLANG_CXX_LANGUAGE_STANDARD = "gnu++20";
				CLANG_ENABLE_MODULES = YES;
				CLANG_ENABLE_OBJC_ARC = YES;
				CLANG_ENABLE_OBJC_WEAK = YES;
				CLANG_WARN_BLOCK_CAPTURE_AUTORELEASING = YES;
				CLANG_WARN_BOOL_CONVERSION = YES;
				CLANG_WARN_COMMA = YES;
				CLANG_WARN_CONSTANT_CONVERSION = YES;
				CLANG_WARN_DEPRECATED_OBJC_IMPLEMENTATIONS = YES;
				CLANG_WARN_DIRECT_OBJC_ISA_USAGE = YES_ERROR;
				CLANG_WARN_DOCUMENTATION_COMMENTS = YES;
				CLANG_WARN_EMPTY_BODY = YES;
				CLANG_WARN_ENUM_CONVERSION = YES;
				CLANG_WARN_INFINITE_RECURSION = YES;
				CLANG_WARN_INT_CONVERSION = YES;
				CLANG_WARN_NON_LITERAL_NULL_CONVERSION = YES;
				CLANG_WARN_OBJC_IMPLICIT_RETAIN_SELF = YES;
				CLANG_WARN_OBJC_LITERAL_CONVERSION = YES;
				CLANG_WARN_OBJC_ROOT_CLASS = YES_ERROR;
				CLANG_WARN_QUOTED_INCLUDE_IN_FRAMEWORK_HEADER = YES;
				CLANG_WARN_RANGE_LOOP_ANALYSIS = YES;
				CLANG_WARN_STRICT_PROTOTYPES = YES;
				CLANG_WARN_SUSPICIOUS_MOVE = YES;
				CLANG_WARN_UNGUARDED_AVAILABILITY = YES_AGGRESSIVE;
				CLANG_WARN_UNREACHABLE_CODE = YES;
				CLANG_WARN__DUPLICATE_METHOD_MATCH = YES;
				COPY_PHASE_STRIP = NO;
				DEBUG_INFORMATION_FORMAT = dwarf;
				ENABLE_STRICT_OBJC_MSGSEND = YES;
				ENABLE_TESTABILITY = YES;
				ENABLE_USER_SCRIPT_SANDBOXING = YES;
				GCC_C_LANGUAGE_STANDARD = gnu17;
				GCC_DYNAMIC_NO_PIC = NO;
				GCC_NO_COMMON_BLOCKS = YES;
				GCC_OPTIMIZATION_LEVEL = 0;
				GCC_PREPROCESSOR_DEFINITIONS = (
					"DEBUG=1",
					"$(inherited)",
				);
				GCC_WARN_64_TO_32_BIT_CONVERSION = YES;
				GCC_WARN_ABOUT_RETURN_TYPE = YES_ERROR;
				GCC_WARN_UNDECLARED_SELECTOR = YES;
				GCC_WARN_UNINITIALIZED_AUTOS = YES_AGGRESSIVE;
				GCC_WARN_UNUSED_FUNCTION = YES;
				GCC_WARN_UNUSED_VARIABLE = YES;
				IPHONEOS_DEPLOYMENT_TARGET = 17.0;
				LOCALIZATION_PREFERS_STRING_CATALOGS = YES;
				MTL_ENABLE_DEBUG_INFO = INCLUDE_SOURCE;
				MTL_FAST_MATH = YES;
				ONLY_ACTIVE_ARCH = YES;
				SDKROOT = iphoneos;
				SWIFT_ACTIVE_COMPILATION_CONDITIONS = "DEBUG $(inherited)";
				SWIFT_OPTIMIZATION_LEVEL = "-Onone";
			};
			name = Debug;
		};
		4D84D6202AE1636C0009A061 /* Release */ = {
			isa = XCBuildConfiguration;
			buildSettings = {
				ALWAYS_SEARCH_USER_PATHS = NO;
				ASSETCATALOG_COMPILER_GENERATE_SWIFT_ASSET_SYMBOL_EXTENSIONS = YES;
				CLANG_ANALYZER_NONNULL = YES;
				CLANG_ANALYZER_NUMBER_OBJECT_CONVERSION = YES_AGGRESSIVE;
				CLANG_CXX_LANGUAGE_STANDARD = "gnu++20";
				CLANG_ENABLE_MODULES = YES;
				CLANG_ENABLE_OBJC_ARC = YES;
				CLANG_ENABLE_OBJC_WEAK = YES;
				CLANG_WARN_BLOCK_CAPTURE_AUTORELEASING = YES;
				CLANG_WARN_BOOL_CONVERSION = YES;
				CLANG_WARN_COMMA = YES;
				CLANG_WARN_CONSTANT_CONVERSION = YES;
				CLANG_WARN_DEPRECATED_OBJC_IMPLEMENTATIONS = YES;
				CLANG_WARN_DIRECT_OBJC_ISA_USAGE = YES_ERROR;
				CLANG_WARN_DOCUMENTATION_COMMENTS = YES;
				CLANG_WARN_EMPTY_BODY = YES;
				CLANG_WARN_ENUM_CONVERSION = YES;
				CLANG_WARN_INFINITE_RECURSION = YES;
				CLANG_WARN_INT_CONVERSION = YES;
				CLANG_WARN_NON_LITERAL_NULL_CONVERSION = YES;
				CLANG_WARN_OBJC_IMPLICIT_RETAIN_SELF = YES;
				CLANG_WARN_OBJC_LITERAL_CONVERSION = YES;
				CLANG_WARN_OBJC_ROOT_CLASS = YES_ERROR;
				CLANG_WARN_QUOTED_INCLUDE_IN_FRAMEWORK_HEADER = YES;
				CLANG_WARN_RANGE_LOOP_ANALYSIS = YES;
				CLANG_WARN_STRICT_PROTOTYPES = YES;
				CLANG_WARN_SUSPICIOUS_MOVE = YES;
				CLANG_WARN_UNGUARDED_AVAILABILITY = YES_AGGRESSIVE;
				CLANG_WARN_UNREACHABLE_CODE = YES;
				CLANG_WARN__DUPLICATE_METHOD_MATCH = YES;
				COPY_PHASE_STRIP = NO;
				DEBUG_INFORMATION_FORMAT = "dwarf-with-dsym";
				ENABLE_NS_ASSERTIONS = NO;
				ENABLE_STRICT_OBJC_MSGSEND = YES;
				ENABLE_USER_SCRIPT_SANDBOXING = YES;
				GCC_C_LANGUAGE_STANDARD = gnu17;
				GCC_NO_COMMON_BLOCKS = YES;
				GCC_WARN_64_TO_32_BIT_CONVERSION = YES;
				GCC_WARN_ABOUT_RETURN_TYPE = YES_ERROR;
				GCC_WARN_UNDECLARED_SELECTOR = YES;
				GCC_WARN_UNINITIALIZED_AUTOS = YES_AGGRESSIVE;
				GCC_WARN_UNUSED_FUNCTION = YES;
				GCC_WARN_UNUSED_VARIABLE = YES;
				IPHONEOS_DEPLOYMENT_TARGET = 17.0;
				LOCALIZATION_PREFERS_STRING_CATALOGS = YES;
				MTL_ENABLE_DEBUG_INFO = NO;
				MTL_FAST_MATH = YES;
				SDKROOT = iphoneos;
				SWIFT_COMPILATION_MODE = wholemodule;
				VALIDATE_PRODUCT = YES;
			};
			name = Release;
		};
		4D84D6222AE1636C0009A061 /* Debug */ = {
			isa = XCBuildConfiguration;
			buildSettings = {
				ASSETCATALOG_COMPILER_APPICON_NAME = AppIcon;
				ASSETCATALOG_COMPILER_GLOBAL_ACCENT_COLOR_NAME = AccentColor;
				CODE_SIGN_STYLE = Automatic;
				CURRENT_PROJECT_VERSION = 1;
				DEVELOPMENT_ASSET_PATHS = "\"MoodAppDemo/Preview Content\"";
				DEVELOPMENT_TEAM = 52H5C4443T;
				ENABLE_PREVIEWS = YES;
				GENERATE_INFOPLIST_FILE = YES;
				INFOPLIST_KEY_UIApplicationSceneManifest_Generation = YES;
				INFOPLIST_KEY_UIApplicationSupportsIndirectInputEvents = YES;
				INFOPLIST_KEY_UILaunchScreen_Generation = YES;
				INFOPLIST_KEY_UISupportedInterfaceOrientations_iPad = "UIInterfaceOrientationPortrait UIInterfaceOrientationPortraitUpsideDown UIInterfaceOrientationLandscapeLeft UIInterfaceOrientationLandscapeRight";
				INFOPLIST_KEY_UISupportedInterfaceOrientations_iPhone = "UIInterfaceOrientationPortrait UIInterfaceOrientationLandscapeLeft UIInterfaceOrientationLandscapeRight";
				LD_RUNPATH_SEARCH_PATHS = (
					"$(inherited)",
					"@executable_path/Frameworks",
				);
				MARKETING_VERSION = 1.0;
				PRODUCT_BUNDLE_IDENTIFIER = com.codersNegato.MoodAppDemo;
				PRODUCT_NAME = "$(TARGET_NAME)";
				SWIFT_EMIT_LOC_STRINGS = YES;
				SWIFT_VERSION = 5.0;
				TARGETED_DEVICE_FAMILY = "1,2";
			};
			name = Debug;
		};
		4D84D6232AE1636C0009A061 /* Release */ = {
			isa = XCBuildConfiguration;
			buildSettings = {
				ASSETCATALOG_COMPILER_APPICON_NAME = AppIcon;
				ASSETCATALOG_COMPILER_GLOBAL_ACCENT_COLOR_NAME = AccentColor;
				CODE_SIGN_STYLE = Automatic;
				CURRENT_PROJECT_VERSION = 1;
				DEVELOPMENT_ASSET_PATHS = "\"MoodAppDemo/Preview Content\"";
				DEVELOPMENT_TEAM = 52H5C4443T;
				ENABLE_PREVIEWS = YES;
				GENERATE_INFOPLIST_FILE = YES;
				INFOPLIST_KEY_UIApplicationSceneManifest_Generation = YES;
				INFOPLIST_KEY_UIApplicationSupportsIndirectInputEvents = YES;
				INFOPLIST_KEY_UILaunchScreen_Generation = YES;
				INFOPLIST_KEY_UISupportedInterfaceOrientations_iPad = "UIInterfaceOrientationPortrait UIInterfaceOrientationPortraitUpsideDown UIInterfaceOrientationLandscapeLeft UIInterfaceOrientationLandscapeRight";
				INFOPLIST_KEY_UISupportedInterfaceOrientations_iPhone = "UIInterfaceOrientationPortrait UIInterfaceOrientationLandscapeLeft UIInterfaceOrientationLandscapeRight";
				LD_RUNPATH_SEARCH_PATHS = (
					"$(inherited)",
					"@executable_path/Frameworks",
				);
				MARKETING_VERSION = 1.0;
				PRODUCT_BUNDLE_IDENTIFIER = com.codersNegato.MoodAppDemo;
				PRODUCT_NAME = "$(TARGET_NAME)";
				SWIFT_EMIT_LOC_STRINGS = YES;
				SWIFT_VERSION = 5.0;
				TARGETED_DEVICE_FAMILY = "1,2";
			};
			name = Release;
		};
/* End XCBuildConfiguration section */

/* Begin XCConfigurationList section */
		4D84D60E2AE1636B0009A061 /* Build configuration list for PBXProject "MoodAppDemo" */ = {
			isa = XCConfigurationList;
			buildConfigurations = (
				4D84D61F2AE1636C0009A061 /* Debug */,
				4D84D6202AE1636C0009A061 /* Release */,
			);
			defaultConfigurationIsVisible = 0;
			defaultConfigurationName = Release;
		};
		4D84D6212AE1636C0009A061 /* Build configuration list for PBXNativeTarget "MoodAppDemo" */ = {
			isa = XCConfigurationList;
			buildConfigurations = (
				4D84D6222AE1636C0009A061 /* Debug */,
				4D84D6232AE1636C0009A061 /* Release */,
			);
			defaultConfigurationIsVisible = 0;
			defaultConfigurationName = Release;
		};
/* End XCConfigurationList section */
	};
	rootObject = 4D84D60B2AE1636B0009A061 /* Project object */;
}
